// !$*UTF8*$!
{
	archiveVersion = 1;
	classes = {
	};
	objectVersion = 46;
	objects = {

/* Begin PBXBuildFile section */
		A3616DFC1A161383008FD2D5 /* Question.swift in Sources */ = {isa = PBXBuildFile; fileRef = A3616DFB1A161383008FD2D5 /* Question.swift */; };
		A3616E001A18E316008FD2D5 /* DetailViewController.swift in Sources */ = {isa = PBXBuildFile; fileRef = A3616DFF1A18E316008FD2D5 /* DetailViewController.swift */; };
		A3616E021A18F8EA008FD2D5 /* protocol.swift in Sources */ = {isa = PBXBuildFile; fileRef = A3616E011A18F8EA008FD2D5 /* protocol.swift */; };
		A3616E091A190EB1008FD2D5 /* Error.png in Resources */ = {isa = PBXBuildFile; fileRef = A3616E071A190EB1008FD2D5 /* Error.png */; };
		A3616E0A1A190EB1008FD2D5 /* Tick.png in Resources */ = {isa = PBXBuildFile; fileRef = A3616E081A190EB1008FD2D5 /* Tick.png */; };
		A3D49CA01A0FA03D00107E1A /* AppDelegate.swift in Sources */ = {isa = PBXBuildFile; fileRef = A3D49C9F1A0FA03D00107E1A /* AppDelegate.swift */; };
		A3D49CA21A0FA03D00107E1A /* ViewController.swift in Sources */ = {isa = PBXBuildFile; fileRef = A3D49CA11A0FA03D00107E1A /* ViewController.swift */; };
		A3D49CA51A0FA03D00107E1A /* Main.storyboard in Resources */ = {isa = PBXBuildFile; fileRef = A3D49CA31A0FA03D00107E1A /* Main.storyboard */; };
		A3D49CA71A0FA03D00107E1A /* Images.xcassets in Resources */ = {isa = PBXBuildFile; fileRef = A3D49CA61A0FA03D00107E1A /* Images.xcassets */; };
		A3D49CAA1A0FA03D00107E1A /* LaunchScreen.xib in Resources */ = {isa = PBXBuildFile; fileRef = A3D49CA81A0FA03D00107E1A /* LaunchScreen.xib */; };
		A3D49CB61A0FA03D00107E1A /* iBeaconTestTests.swift in Sources */ = {isa = PBXBuildFile; fileRef = A3D49CB51A0FA03D00107E1A /* iBeaconTestTests.swift */; };
		A3D49CC01A0FA06700107E1A /* CoreLocation.framework in Frameworks */ = {isa = PBXBuildFile; fileRef = A3D49CBF1A0FA06700107E1A /* CoreLocation.framework */; };
/* End PBXBuildFile section */

/* Begin PBXContainerItemProxy section */
		A3D49CB01A0FA03D00107E1A /* PBXContainerItemProxy */ = {
			isa = PBXContainerItemProxy;
			containerPortal = A3D49C921A0FA03D00107E1A /* Project object */;
			proxyType = 1;
			remoteGlobalIDString = A3D49C991A0FA03D00107E1A;
			remoteInfo = iBeaconTest;
		};
/* End PBXContainerItemProxy section */

/* Begin PBXFileReference section */
		A3616DFB1A161383008FD2D5 /* Question.swift */ = {isa = PBXFileReference; fileEncoding = 4; lastKnownFileType = sourcecode.swift; path = Question.swift; sourceTree = "<group>"; };
		A3616DFF1A18E316008FD2D5 /* DetailViewController.swift */ = {isa = PBXFileReference; fileEncoding = 4; lastKnownFileType = sourcecode.swift; path = DetailViewController.swift; sourceTree = "<group>"; };
		A3616E011A18F8EA008FD2D5 /* protocol.swift */ = {isa = PBXFileReference; fileEncoding = 4; lastKnownFileType = sourcecode.swift; path = protocol.swift; sourceTree = "<group>"; };
		A3616E071A190EB1008FD2D5 /* Error.png */ = {isa = PBXFileReference; lastKnownFileType = image.png; name = Error.png; path = ../../../../../../Desktop/Error.png; sourceTree = "<group>"; };
		A3616E081A190EB1008FD2D5 /* Tick.png */ = {isa = PBXFileReference; lastKnownFileType = image.png; name = Tick.png; path = ../../../../../../Desktop/Tick.png; sourceTree = "<group>"; };
		A3D49C9A1A0FA03D00107E1A /* iBeaconTest.app */ = {isa = PBXFileReference; explicitFileType = wrapper.application; includeInIndex = 0; path = iBeaconTest.app; sourceTree = BUILT_PRODUCTS_DIR; };
		A3D49C9E1A0FA03D00107E1A /* Info.plist */ = {isa = PBXFileReference; lastKnownFileType = text.plist.xml; path = Info.plist; sourceTree = "<group>"; };
		A3D49C9F1A0FA03D00107E1A /* AppDelegate.swift */ = {isa = PBXFileReference; lastKnownFileType = sourcecode.swift; path = AppDelegate.swift; sourceTree = "<group>"; };
		A3D49CA11A0FA03D00107E1A /* ViewController.swift */ = {isa = PBXFileReference; lastKnownFileType = sourcecode.swift; path = ViewController.swift; sourceTree = "<group>"; };
		A3D49CA41A0FA03D00107E1A /* Base */ = {isa = PBXFileReference; lastKnownFileType = file.storyboard; name = Base; path = Base.lproj/Main.storyboard; sourceTree = "<group>"; };
		A3D49CA61A0FA03D00107E1A /* Images.xcassets */ = {isa = PBXFileReference; lastKnownFileType = folder.assetcatalog; path = Images.xcassets; sourceTree = "<group>"; };
		A3D49CA91A0FA03D00107E1A /* Base */ = {isa = PBXFileReference; lastKnownFileType = file.xib; name = Base; path = Base.lproj/LaunchScreen.xib; sourceTree = "<group>"; };
		A3D49CAF1A0FA03D00107E1A /* iBeaconTestTests.xctest */ = {isa = PBXFileReference; explicitFileType = wrapper.cfbundle; includeInIndex = 0; path = iBeaconTestTests.xctest; sourceTree = BUILT_PRODUCTS_DIR; };
		A3D49CB41A0FA03D00107E1A /* Info.plist */ = {isa = PBXFileReference; lastKnownFileType = text.plist.xml; path = Info.plist; sourceTree = "<group>"; };
		A3D49CB51A0FA03D00107E1A /* iBeaconTestTests.swift */ = {isa = PBXFileReference; lastKnownFileType = sourcecode.swift; path = iBeaconTestTests.swift; sourceTree = "<group>"; };
		A3D49CBF1A0FA06700107E1A /* CoreLocation.framework */ = {isa = PBXFileReference; lastKnownFileType = wrapper.framework; name = CoreLocation.framework; path = System/Library/Frameworks/CoreLocation.framework; sourceTree = SDKROOT; };
/* End PBXFileReference section */

/* Begin PBXFrameworksBuildPhase section */
		A3D49C971A0FA03D00107E1A /* Frameworks */ = {
			isa = PBXFrameworksBuildPhase;
			buildActionMask = 2147483647;
			files = (
				A3D49CC01A0FA06700107E1A /* CoreLocation.framework in Frameworks */,
			);
			runOnlyForDeploymentPostprocessing = 0;
		};
		A3D49CAC1A0FA03D00107E1A /* Frameworks */ = {
			isa = PBXFrameworksBuildPhase;
			buildActionMask = 2147483647;
			files = (
			);
			runOnlyForDeploymentPostprocessing = 0;
		};
/* End PBXFrameworksBuildPhase section */

/* Begin PBXGroup section */
		A3D49C911A0FA03D00107E1A = {
			isa = PBXGroup;
			children = (
				A3D49CBF1A0FA06700107E1A /* CoreLocation.framework */,
				A3D49C9C1A0FA03D00107E1A /* iBeaconTest */,
				A3D49CB21A0FA03D00107E1A /* iBeaconTestTests */,
				A3D49C9B1A0FA03D00107E1A /* Products */,
			);
			sourceTree = "<group>";
		};
		A3D49C9B1A0FA03D00107E1A /* Products */ = {
			isa = PBXGroup;
			children = (
				A3D49C9A1A0FA03D00107E1A /* iBeaconTest.app */,
				A3D49CAF1A0FA03D00107E1A /* iBeaconTestTests.xctest */,
			);
			name = Products;
			sourceTree = "<group>";
		};
		A3D49C9C1A0FA03D00107E1A /* iBeaconTest */ = {
			isa = PBXGroup;
			children = (
				A3D49C9F1A0FA03D00107E1A /* AppDelegate.swift */,
				A3616E011A18F8EA008FD2D5 /* protocol.swift */,
				A3D49CA11A0FA03D00107E1A /* ViewController.swift */,
				A3D49CA31A0FA03D00107E1A /* Main.storyboard */,
				A3D49CA61A0FA03D00107E1A /* Images.xcassets */,
				A3D49CA81A0FA03D00107E1A /* LaunchScreen.xib */,
				A3D49C9D1A0FA03D00107E1A /* Supporting Files */,
				A3616DFB1A161383008FD2D5 /* Question.swift */,
				A3616DFF1A18E316008FD2D5 /* DetailViewController.swift */,
			);
			path = iBeaconTest;
			sourceTree = "<group>";
		};
		A3D49C9D1A0FA03D00107E1A /* Supporting Files */ = {
			isa = PBXGroup;
			children = (
				A3616E071A190EB1008FD2D5 /* Error.png */,
				A3616E081A190EB1008FD2D5 /* Tick.png */,
				A3D49C9E1A0FA03D00107E1A /* Info.plist */,
			);
			name = "Supporting Files";
			sourceTree = "<group>";
		};
		A3D49CB21A0FA03D00107E1A /* iBeaconTestTests */ = {
			isa = PBXGroup;
			children = (
				A3D49CB51A0FA03D00107E1A /* iBeaconTestTests.swift */,
				A3D49CB31A0FA03D00107E1A /* Supporting Files */,
			);
			path = iBeaconTestTests;
			sourceTree = "<group>";
		};
		A3D49CB31A0FA03D00107E1A /* Supporting Files */ = {
			isa = PBXGroup;
			children = (
				A3D49CB41A0FA03D00107E1A /* Info.plist */,
			);
			name = "Supporting Files";
			sourceTree = "<group>";
		};
/* End PBXGroup section */

/* Begin PBXNativeTarget section */
		A3D49C991A0FA03D00107E1A /* iBeaconTest */ = {
			isa = PBXNativeTarget;
			buildConfigurationList = A3D49CB91A0FA03D00107E1A /* Build configuration list for PBXNativeTarget "iBeaconTest" */;
			buildPhases = (
				A3D49C961A0FA03D00107E1A /* Sources */,
				A3D49C971A0FA03D00107E1A /* Frameworks */,
				A3D49C981A0FA03D00107E1A /* Resources */,
			);
			buildRules = (
			);
			dependencies = (
			);
			name = iBeaconTest;
			productName = iBeaconTest;
			productReference = A3D49C9A1A0FA03D00107E1A /* iBeaconTest.app */;
			productType = "com.apple.product-type.application";
		};
		A3D49CAE1A0FA03D00107E1A /* iBeaconTestTests */ = {
			isa = PBXNativeTarget;
			buildConfigurationList = A3D49CBC1A0FA03D00107E1A /* Build configuration list for PBXNativeTarget "iBeaconTestTests" */;
			buildPhases = (
				A3D49CAB1A0FA03D00107E1A /* Sources */,
				A3D49CAC1A0FA03D00107E1A /* Frameworks */,
				A3D49CAD1A0FA03D00107E1A /* Resources */,
			);
			buildRules = (
			);
			dependencies = (
				A3D49CB11A0FA03D00107E1A /* PBXTargetDependency */,
			);
			name = iBeaconTestTests;
			productName = iBeaconTestTests;
			productReference = A3D49CAF1A0FA03D00107E1A /* iBeaconTestTests.xctest */;
			productType = "com.apple.product-type.bundle.unit-test";
		};
/* End PBXNativeTarget section */

/* Begin PBXProject section */
		A3D49C921A0FA03D00107E1A /* Project object */ = {
			isa = PBXProject;
			attributes = {
				LastUpgradeCheck = 0610;
				ORGANIZATIONNAME = "Dario Andreoli";
				TargetAttributes = {
					A3D49C991A0FA03D00107E1A = {
						CreatedOnToolsVersion = 6.1;
						SystemCapabilities = {
							com.apple.BackgroundModes = {
								enabled = 1;
							};
						};
					};
					A3D49CAE1A0FA03D00107E1A = {
						CreatedOnToolsVersion = 6.1;
						TestTargetID = A3D49C991A0FA03D00107E1A;
					};
				};
			};
			buildConfigurationList = A3D49C951A0FA03D00107E1A /* Build configuration list for PBXProject "iBeaconTest" */;
			compatibilityVersion = "Xcode 3.2";
			developmentRegion = English;
			hasScannedForEncodings = 0;
			knownRegions = (
				en,
				Base,
			);
			mainGroup = A3D49C911A0FA03D00107E1A;
			productRefGroup = A3D49C9B1A0FA03D00107E1A /* Products */;
			projectDirPath = "";
			projectRoot = "";
			targets = (
				A3D49C991A0FA03D00107E1A /* iBeaconTest */,
				A3D49CAE1A0FA03D00107E1A /* iBeaconTestTests */,
			);
		};
/* End PBXProject section */

/* Begin PBXResourcesBuildPhase section */
		A3D49C981A0FA03D00107E1A /* Resources */ = {
			isa = PBXResourcesBuildPhase;
			buildActionMask = 2147483647;
			files = (
				A3D49CA51A0FA03D00107E1A /* Main.storyboard in Resources */,
				A3D49CAA1A0FA03D00107E1A /* LaunchScreen.xib in Resources */,
				A3616E0A1A190EB1008FD2D5 /* Tick.png in Resources */,
				A3616E091A190EB1008FD2D5 /* Error.png in Resources */,
				A3D49CA71A0FA03D00107E1A /* Images.xcassets in Resources */,
			);
			runOnlyForDeploymentPostprocessing = 0;
		};
		A3D49CAD1A0FA03D00107E1A /* Resources */ = {
			isa = PBXResourcesBuildPhase;
			buildActionMask = 2147483647;
			files = (
			);
			runOnlyForDeploymentPostprocessing = 0;
		};
/* End PBXResourcesBuildPhase section */

/* Begin PBXSourcesBuildPhase section */
		A3D49C961A0FA03D00107E1A /* Sources */ = {
			isa = PBXSourcesBuildPhase;
			buildActionMask = 2147483647;
			files = (
				A3616DFC1A161383008FD2D5 /* Question.swift in Sources */,
				A3D49CA21A0FA03D00107E1A /* ViewController.swift in Sources */,
				A3D49CA01A0FA03D00107E1A /* AppDelegate.swift in Sources */,
				A3616E001A18E316008FD2D5 /* DetailViewController.swift in Sources */,
				A3616E021A18F8EA008FD2D5 /* protocol.swift in Sources */,
			);
			runOnlyForDeploymentPostprocessing = 0;
		};
		A3D49CAB1A0FA03D00107E1A /* Sources */ = {
			isa = PBXSourcesBuildPhase;
			buildActionMask = 2147483647;
			files = (
				A3D49CB61A0FA03D00107E1A /* iBeaconTestTests.swift in Sources */,
			);
			runOnlyForDeploymentPostprocessing = 0;
		};
/* End PBXSourcesBuildPhase section */

/* Begin PBXTargetDependency section */
		A3D49CB11A0FA03D00107E1A /* PBXTargetDependency */ = {
			isa = PBXTargetDependency;
			target = A3D49C991A0FA03D00107E1A /* iBeaconTest */;
			targetProxy = A3D49CB01A0FA03D00107E1A /* PBXContainerItemProxy */;
		};
/* End PBXTargetDependency section */

/* Begin PBXVariantGroup section */
		A3D49CA31A0FA03D00107E1A /* Main.storyboard */ = {
			isa = PBXVariantGroup;
			children = (
				A3D49CA41A0FA03D00107E1A /* Base */,
			);
			name = Main.storyboard;
			sourceTree = "<group>";
		};
		A3D49CA81A0FA03D00107E1A /* LaunchScreen.xib */ = {
			isa = PBXVariantGroup;
			children = (
				A3D49CA91A0FA03D00107E1A /* Base */,
			);
			name = LaunchScreen.xib;
			sourceTree = "<group>";
		};
/* End PBXVariantGroup section */

/* Begin XCBuildConfiguration section */
		A3D49CB71A0FA03D00107E1A /* Debug */ = {
			isa = XCBuildConfiguration;
			buildSettings = {
				ALWAYS_SEARCH_USER_PATHS = NO;
				CLANG_CXX_LANGUAGE_STANDARD = "gnu++0x";
				CLANG_CXX_LIBRARY = "libc++";
				CLANG_ENABLE_MODULES = YES;
				CLANG_ENABLE_OBJC_ARC = YES;
				CLANG_WARN_BOOL_CONVERSION = YES;
				CLANG_WARN_CONSTANT_CONVERSION = YES;
				CLANG_WARN_DIRECT_OBJC_ISA_USAGE = YES_ERROR;
				CLANG_WARN_EMPTY_BODY = YES;
				CLANG_WARN_ENUM_CONVERSION = YES;
				CLANG_WARN_INT_CONVERSION = YES;
				CLANG_WARN_OBJC_ROOT_CLASS = YES_ERROR;
				CLANG_WARN_UNREACHABLE_CODE = YES;
				CLANG_WARN__DUPLICATE_METHOD_MATCH = YES;
				"CODE_SIGN_IDENTITY[sdk=iphoneos*]" = "iPhone Developer";
				COPY_PHASE_STRIP = NO;
				ENABLE_STRICT_OBJC_MSGSEND = YES;
				GCC_C_LANGUAGE_STANDARD = gnu99;
				GCC_DYNAMIC_NO_PIC = NO;
				GCC_OPTIMIZATION_LEVEL = 0;
				GCC_PREPROCESSOR_DEFINITIONS = (
					"DEBUG=1",
					"$(inherited)",
				);
				GCC_SYMBOLS_PRIVATE_EXTERN = NO;
				GCC_WARN_64_TO_32_BIT_CONVERSION = YES;
				GCC_WARN_ABOUT_RETURN_TYPE = YES_ERROR;
				GCC_WARN_UNDECLARED_SELECTOR = YES;
				GCC_WARN_UNINITIALIZED_AUTOS = YES_AGGRESSIVE;
				GCC_WARN_UNUSED_FUNCTION = YES;
				GCC_WARN_UNUSED_VARIABLE = YES;
				IPHONEOS_DEPLOYMENT_TARGET = 8.1;
				MTL_ENABLE_DEBUG_INFO = YES;
				ONLY_ACTIVE_ARCH = YES;
				SDKROOT = iphoneos;
				SWIFT_OPTIMIZATION_LEVEL = "-Onone";
			};
			name = Debug;
		};
		A3D49CB81A0FA03D00107E1A /* Release */ = {
			isa = XCBuildConfiguration;
			buildSettings = {
				ALWAYS_SEARCH_USER_PATHS = NO;
				CLANG_CXX_LANGUAGE_STANDARD = "gnu++0x";
				CLANG_CXX_LIBRARY = "libc++";
				CLANG_ENABLE_MODULES = YES;
				CLANG_ENABLE_OBJC_ARC = YES;
				CLANG_WARN_BOOL_CONVERSION = YES;
				CLANG_WARN_CONSTANT_CONVERSION = YES;
				CLANG_WARN_DIRECT_OBJC_ISA_USAGE = YES_ERROR;
				CLANG_WARN_EMPTY_BODY = YES;
				CLANG_WARN_ENUM_CONVERSION = YES;
				CLANG_WARN_INT_CONVERSION = YES;
				CLANG_WARN_OBJC_ROOT_CLASS = YES_ERROR;
				CLANG_WARN_UNREACHABLE_CODE = YES;
				CLANG_WARN__DUPLICATE_METHOD_MATCH = YES;
				"CODE_SIGN_IDENTITY[sdk=iphoneos*]" = "iPhone Developer";
				COPY_PHASE_STRIP = YES;
				ENABLE_NS_ASSERTIONS = NO;
				ENABLE_STRICT_OBJC_MSGSEND = YES;
				GCC_C_LANGUAGE_STANDARD = gnu99;
				GCC_WARN_64_TO_32_BIT_CONVERSION = YES;
				GCC_WARN_ABOUT_RETURN_TYPE = YES_ERROR;
				GCC_WARN_UNDECLARED_SELECTOR = YES;
				GCC_WARN_UNINITIALIZED_AUTOS = YES_AGGRESSIVE;
				GCC_WARN_UNUSED_FUNCTION = YES;
				GCC_WARN_UNUSED_VARIABLE = YES;
				IPHONEOS_DEPLOYMENT_TARGET = 8.1;
				MTL_ENABLE_DEBUG_INFO = NO;
				SDKROOT = iphoneos;
				VALIDATE_PRODUCT = YES;
			};
			name = Release;
		};
		A3D49CBA1A0FA03D00107E1A /* Debug */ = {
			isa = XCBuildConfiguration;
			buildSettings = {
				ASSETCATALOG_COMPILER_APPICON_NAME = AppIcon;
				INFOPLIST_FILE = iBeaconTest/Info.plist;
				IPHONEOS_DEPLOYMENT_TARGET = 8.1;
				LD_RUNPATH_SEARCH_PATHS = "$(inherited) @executable_path/Frameworks";
				PRODUCT_NAME = "$(TARGET_NAME)";
				TARGETED_DEVICE_FAMILY = 1;
			};
			name = Debug;
		};
		A3D49CBB1A0FA03D00107E1A /* Release */ = {
			isa = XCBuildConfiguration;
			buildSettings = {
				ASSETCATALOG_COMPILER_APPICON_NAME = AppIcon;
				INFOPLIST_FILE = iBeaconTest/Info.plist;
				IPHONEOS_DEPLOYMENT_TARGET = 8.1;
				LD_RUNPATH_SEARCH_PATHS = "$(inherited) @executable_path/Frameworks";
				PRODUCT_NAME = "$(TARGET_NAME)";
				TARGETED_DEVICE_FAMILY = 1;
			};
			name = Release;
		};
		A3D49CBD1A0FA03D00107E1A /* Debug */ = {
			isa = XCBuildConfiguration;
			buildSettings = {
				BUNDLE_LOADER = "$(TEST_HOST)";
				FRAMEWORK_SEARCH_PATHS = (
					"$(SDKROOT)/Developer/Library/Frameworks",
					"$(inherited)",
				);
				GCC_PREPROCESSOR_DEFINITIONS = (
					"DEBUG=1",
					"$(inherited)",
				);
				INFOPLIST_FILE = iBeaconTestTests/Info.plist;
				LD_RUNPATH_SEARCH_PATHS = "$(inherited) @executable_path/Frameworks @loader_path/Frameworks";
				PRODUCT_NAME = "$(TARGET_NAME)";
				TEST_HOST = "$(BUILT_PRODUCTS_DIR)/iBeaconTest.app/iBeaconTest";
			};
			name = Debug;
		};
		A3D49CBE1A0FA03D00107E1A /* Release */ = {
			isa = XCBuildConfiguration;
			buildSettings = {
				BUNDLE_LOADER = "$(TEST_HOST)";
				FRAMEWORK_SEARCH_PATHS = (
					"$(SDKROOT)/Developer/Library/Frameworks",
					"$(inherited)",
				);
				INFOPLIST_FILE = iBeaconTestTests/Info.plist;
				LD_RUNPATH_SEARCH_PATHS = "$(inherited) @executable_path/Frameworks @loader_path/Frameworks";
				PRODUCT_NAME = "$(TARGET_NAME)";
				TEST_HOST = "$(BUILT_PRODUCTS_DIR)/iBeaconTest.app/iBeaconTest";
			};
			name = Release;
		};
/* End XCBuildConfiguration section */

/* Begin XCConfigurationList section */
		A3D49C951A0FA03D00107E1A /* Build configuration list for PBXProject "iBeaconTest" */ = {
			isa = XCConfigurationList;
			buildConfigurations = (
				A3D49CB71A0FA03D00107E1A /* Debug */,
				A3D49CB81A0FA03D00107E1A /* Release */,
			);
			defaultConfigurationIsVisible = 0;
			defaultConfigurationName = Release;
		};
		A3D49CB91A0FA03D00107E1A /* Build configuration list for PBXNativeTarget "iBeaconTest" */ = {
			isa = XCConfigurationList;
			buildConfigurations = (
				A3D49CBA1A0FA03D00107E1A /* Debug */,
				A3D49CBB1A0FA03D00107E1A /* Release */,
			);
			defaultConfigurationIsVisible = 0;
			defaultConfigurationName = Release;
		};
		A3D49CBC1A0FA03D00107E1A /* Build configuration list for PBXNativeTarget "iBeaconTestTests" */ = {
			isa = XCConfigurationList;
			buildConfigurations = (
				A3D49CBD1A0FA03D00107E1A /* Debug */,
				A3D49CBE1A0FA03D00107E1A /* Release */,
			);
			defaultConfigurationIsVisible = 0;
			defaultConfigurationName = Release;
		};
/* End XCConfigurationList section */
	};
	rootObject = A3D49C921A0FA03D00107E1A /* Project object */;
}
